
Microsoft Visual Studio Solution File, Format Version 12.00
# Visual Studio Version 17
VisualStudioVersion = 17.9.34701.34
MinimumVisualStudioVersion = 10.0.40219.1
Project("{FAE04EC0-301F-11D3-BF4B-00C04F79EFBC}") = "MixFolder", "MixFolder\MixFolder.csproj", "{2CE46CF3-9A60-4F56-ABA0-78BFAC53F285}"
EndProject
Global
	GlobalSection(SolutionConfigurationPlatforms) = preSolution
		Debug|Any CPU = Debug|Any CPU
		Release|Any CPU = Release|Any CPU
	EndGlobalSection
	GlobalSection(ProjectConfigurationPlatforms) = postSolution
		{2CE46CF3-9A60-4F56-ABA0-78BFAC53F285}.Debug|Any CPU.ActiveCfg = Debug|Any CPU
		{2CE46CF3-9A60-4F56-ABA0-78BFAC53F285}.Debug|Any CPU.Build.0 = Debug|Any CPU
		{2CE46CF3-9A60-4F56-ABA0-78BFAC53F285}.Release|Any CPU.ActiveCfg = Release|Any CPU
		{2CE46CF3-9A60-4F56-ABA0-78BFAC53F285}.Release|Any CPU.Build.0 = Release|Any CPU
	EndGlobalSection
	GlobalSection(SolutionProperties) = preSolution
		HideSolutionNode = FALSE
	EndGlobalSection
	GlobalSection(ExtensibilityGlobals) = postSolution
		SolutionGuid = {74D55323-1FDF-40B4-8C33-3BB7DCBA1830}
	EndGlobalSection
EndGlobal
